Microsoft Visual Studio Solution File, Format Version 12.00
# Visual Studio Version 17
VisualStudioVersion = 17.5.2.0
MinimumVisualStudioVersion = 10.0.40219.1
Project("{FAE04EC0-301F-11D3-BF4B-00C04F79EFBC}") = "AutomationAssignment", "AutomationAssignment\AutomationAssignment.csproj", "{B108EBBB-A2D9-F513-8F3D-FEB4378AD9E3}"
EndProject
Global
	GlobalSection(SolutionConfigurationPlatforms) = preSolution
		Debug|Any CPU = Debug|Any CPU
		Release|Any CPU = Release|Any CPU
	EndGlobalSection
	GlobalSection(ProjectConfigurationPlatforms) = postSolution
		{B108EBBB-A2D9-F513-8F3D-FEB4378AD9E3}.Debug|Any CPU.ActiveCfg = Debug|Any CPU
		{B108EBBB-A2D9-F513-8F3D-FEB4378AD9E3}.Debug|Any CPU.Build.0 = Debug|Any CPU
		{B108EBBB-A2D9-F513-8F3D-FEB4378AD9E3}.Release|Any CPU.ActiveCfg = Release|Any CPU
		{B108EBBB-A2D9-F513-8F3D-FEB4378AD9E3}.Release|Any CPU.Build.0 = Release|Any CPU
	EndGlobalSection
	GlobalSection(SolutionProperties) = preSolution
		HideSolutionNode = FALSE
	EndGlobalSection
	GlobalSection(ExtensibilityGlobals) = postSolution
		SolutionGuid = {1E283A09-E17D-4FF2-A0B2-C52EA51BAD81}
	EndGlobalSection
EndGlobal
